
Microsoft Visual Studio Solution File, Format Version 12.00
# Visual Studio 15
VisualStudioVersion = 15.0.27428.2011
MinimumVisualStudioVersion = 10.0.40219.1
Project("{9A19103F-16F7-4668-BE54-9A1E7A4F7556}") = "DiscordKaren", "DiscordKaren\DiscordKaren.csproj", "{47AB5951-B74B-4278-961A-B3A7D4618D94}"
EndProject
Global
	GlobalSection(SolutionConfigurationPlatforms) = preSolution
		Debug|Any CPU = Debug|Any CPU
		Release|Any CPU = Release|Any CPU
	EndGlobalSection
	GlobalSection(ProjectConfigurationPlatforms) = postSolution
		{47AB5951-B74B-4278-961A-B3A7D4618D94}.Debug|Any CPU.ActiveCfg = Debug|Any CPU
		{47AB5951-B74B-4278-961A-B3A7D4618D94}.Debug|Any CPU.Build.0 = Debug|Any CPU
		{47AB5951-B74B-4278-961A-B3A7D4618D94}.Release|Any CPU.ActiveCfg = Release|Any CPU
		{47AB5951-B74B-4278-961A-B3A7D4618D94}.Release|Any CPU.Build.0 = Release|Any CPU
	EndGlobalSection
	GlobalSection(SolutionProperties) = preSolution
		HideSolutionNode = FALSE
	EndGlobalSection
	GlobalSection(ExtensibilityGlobals) = postSolution
		SolutionGuid = {4134A8A1-BCEC-43AF-819E-3F1F7EFD7445}
	EndGlobalSection
EndGlobal
